
Microsoft Visual Studio Solution File, Format Version 12.00
# Visual Studio Version 17
VisualStudioVersion = 17.2.32616.157
MinimumVisualStudioVersion = 10.0.40219.1
Project("{FAE04EC0-301F-11D3-BF4B-00C04F79EFBC}") = "Kognit", "Kognit\Kognit.csproj", "{2183D185-DAB1-45CD-8175-A3D110D93BFE}"
EndProject
Project("{2150E333-8FDC-42A3-9474-1A3956D46DE8}") = "Solution Items", "Solution Items", "{BC421BBF-47F0-4418-BFF2-5E920864C828}"
	ProjectSection(SolutionItems) = preProject
		.editorconfig = .editorconfig
	EndProjectSection
EndProject
Global
	GlobalSection(SolutionConfigurationPlatforms) = preSolution
		Debug|Any CPU = Debug|Any CPU
		Release|Any CPU = Release|Any CPU
	EndGlobalSection
	GlobalSection(ProjectConfigurationPlatforms) = postSolution
		{2183D185-DAB1-45CD-8175-A3D110D93BFE}.Debug|Any CPU.ActiveCfg = Debug|Any CPU
		{2183D185-DAB1-45CD-8175-A3D110D93BFE}.Debug|Any CPU.Build.0 = Debug|Any CPU
		{2183D185-DAB1-45CD-8175-A3D110D93BFE}.Release|Any CPU.ActiveCfg = Release|Any CPU
		{2183D185-DAB1-45CD-8175-A3D110D93BFE}.Release|Any CPU.Build.0 = Release|Any CPU
	EndGlobalSection
	GlobalSection(SolutionProperties) = preSolution
		HideSolutionNode = FALSE
	EndGlobalSection
	GlobalSection(ExtensibilityGlobals) = postSolution
		SolutionGuid = {CB73B10C-021E-4BC8-88AA-FF72241C8C16}
	EndGlobalSection
EndGlobal
